
Microsoft Visual Studio Solution File, Format Version 12.00
# Visual Studio Version 16
VisualStudioVersion = 16.0.32106.194
MinimumVisualStudioVersion = 10.0.40219.1
Project("{9A19103F-16F7-4668-BE54-9A1E7A4F7556}") = "Einkaufsliste", "Einkaufsliste\Einkaufsliste.csproj", "{DC6E82C4-1759-4BC6-8252-B54CD0B527A9}"
EndProject
Project("{FAE04EC0-301F-11D3-BF4B-00C04F79EFBC}") = "Einkaufsliste.ClassLibrary", "Einkaufsliste.ClassLibrary\Einkaufsliste.ClassLibrary.csproj", "{A7BE22F0-4D31-48A1-80F0-A6C332211C42}"
EndProject
Project("{FAE04EC0-301F-11D3-BF4B-00C04F79EFBC}") = "Einkaufsliste.Test", "Einkaufsliste.Test\Einkaufsliste.Test.csproj", "{7B4635A5-CB14-420C-B027-189A002A92DD}"
EndProject
Global
	GlobalSection(SolutionConfigurationPlatforms) = preSolution
		Debug|Any CPU = Debug|Any CPU
		Release|Any CPU = Release|Any CPU
	EndGlobalSection
	GlobalSection(ProjectConfigurationPlatforms) = postSolution
		{DC6E82C4-1759-4BC6-8252-B54CD0B527A9}.Debug|Any CPU.ActiveCfg = Debug|Any CPU
		{DC6E82C4-1759-4BC6-8252-B54CD0B527A9}.Debug|Any CPU.Build.0 = Debug|Any CPU
		{DC6E82C4-1759-4BC6-8252-B54CD0B527A9}.Release|Any CPU.ActiveCfg = Release|Any CPU
		{DC6E82C4-1759-4BC6-8252-B54CD0B527A9}.Release|Any CPU.Build.0 = Release|Any CPU
		{A7BE22F0-4D31-48A1-80F0-A6C332211C42}.Debug|Any CPU.ActiveCfg = Debug|Any CPU
		{A7BE22F0-4D31-48A1-80F0-A6C332211C42}.Debug|Any CPU.Build.0 = Debug|Any CPU
		{A7BE22F0-4D31-48A1-80F0-A6C332211C42}.Release|Any CPU.ActiveCfg = Release|Any CPU
		{A7BE22F0-4D31-48A1-80F0-A6C332211C42}.Release|Any CPU.Build.0 = Release|Any CPU
		{7B4635A5-CB14-420C-B027-189A002A92DD}.Debug|Any CPU.ActiveCfg = Debug|Any CPU
		{7B4635A5-CB14-420C-B027-189A002A92DD}.Debug|Any CPU.Build.0 = Debug|Any CPU
		{7B4635A5-CB14-420C-B027-189A002A92DD}.Release|Any CPU.ActiveCfg = Release|Any CPU
		{7B4635A5-CB14-420C-B027-189A002A92DD}.Release|Any CPU.Build.0 = Release|Any CPU
	EndGlobalSection
	GlobalSection(SolutionProperties) = preSolution
		HideSolutionNode = FALSE
	EndGlobalSection
	GlobalSection(ExtensibilityGlobals) = postSolution
		SolutionGuid = {F6C552EA-E525-4D96-B0C2-01EFA0742540}
	EndGlobalSection
EndGlobal
